
Microsoft Visual Studio Solution File, Format Version 12.00
# Visual Studio Version 16
VisualStudioVersion = 16.0.30907.101
MinimumVisualStudioVersion = 10.0.40219.1
Project("{FAE04EC0-301F-11D3-BF4B-00C04F79EFBC}") = "GitReset", "GitReset\GitReset.csproj", "{1BC687FA-CCDC-471C-A152-3AF95B2AC349}"
EndProject
Global
	GlobalSection(SolutionConfigurationPlatforms) = preSolution
		Debug|Any CPU = Debug|Any CPU
		Release|Any CPU = Release|Any CPU
	EndGlobalSection
	GlobalSection(ProjectConfigurationPlatforms) = postSolution
		{1BC687FA-CCDC-471C-A152-3AF95B2AC349}.Debug|Any CPU.ActiveCfg = Debug|Any CPU
		{1BC687FA-CCDC-471C-A152-3AF95B2AC349}.Debug|Any CPU.Build.0 = Debug|Any CPU
		{1BC687FA-CCDC-471C-A152-3AF95B2AC349}.Release|Any CPU.ActiveCfg = Release|Any CPU
		{1BC687FA-CCDC-471C-A152-3AF95B2AC349}.Release|Any CPU.Build.0 = Release|Any CPU
	EndGlobalSection
	GlobalSection(SolutionProperties) = preSolution
		HideSolutionNode = FALSE
	EndGlobalSection
	GlobalSection(ExtensibilityGlobals) = postSolution
		SolutionGuid = {7099E8B8-ED01-481D-B72C-04B7A0B96055}
	EndGlobalSection
EndGlobal
